<?xml version="1.0" encoding="utf-8"?>
<Project ToolsVersion="4.0" xmlns="http://schemas.microsoft.com/developer/msbuild/2003">
  <ItemGroup>
    <Filter Include="소스 파일">
      <UniqueIdentifier>{4FC737F1-C7A5-4376-A066-2A32D752A2FF}</UniqueIdentifier>
      <Extensions>cpp;c;cc;cxx;c++;def;odl;idl;hpj;bat;asm;asmx</Extensions>
    </Filter>
    <Filter Include="헤더 파일">
      <UniqueIdentifier>{93995380-89BD-4b04-88EB-625FBE52EBFB}</UniqueIdentifier>
      <Extensions>h;hh;hpp;hxx;h++;hm;inl;inc;ipp;xsd</Extensions>
    </Filter>
    <Filter Include="리소스 파일">
      <UniqueIdentifier>{67DA6AB6-F800-4c08-8B7A-83BB121AAD01}</UniqueIdentifier>
      <Extensions>rc;ico;cur;bmp;dlg;rc2;rct;bin;rgs;gif;jpg;jpeg;jpe;resx;tiff;tif;png;wav;mfcribbon-ms</Extensions>
    </Filter>
    <Filter Include="Asset">
      <UniqueIdentifier>{11f7a5f1-5e9d-44d8-b2e5-68dc22eabfe9}</UniqueIdentifier>
    </Filter>
    <Filter Include="Lib">
      <UniqueIdentifier>{5f6ca7d4-e80c-4a4f-a736-ad79de61fa93}</UniqueIdentifier>
    </Filter>
    <Filter Include="Fmod">
      <UniqueIdentifier>{d2b4a76a-0920-4d67-96ee-878d16c6440d}</UniqueIdentifier>
    </Filter>
  </ItemGroup>
  <ItemGroup>
    <ClCompile Include="main.cpp">
      <Filter>소스 파일</Filter>
    </ClCompile>
    <ClCompile Include="SimpleTetris.cpp">
      <Filter>소스 파일</Filter>
    </ClCompile>
    <ClCompile Include="GraphicalWindow.cpp">
      <Filter>소스 파일</Filter>
    </ClCompile>
    <ClCompile Include="CheapTimer.cpp">
      <Filter>소스 파일</Filter>
    </ClCompile>
    <ClCompile Include="Audio.cpp">
      <Filter>소스 파일</Filter>
    </ClCompile>
  </ItemGroup>
  <ItemGroup>
    <ClInclude Include="SimpleTetris.h">
      <Filter>헤더 파일</Filter>
    </ClInclude>
    <ClInclude Include="GraphicalWindow.h">
      <Filter>헤더 파일</Filter>
    </ClInclude>
    <ClInclude Include="stb_image.h">
      <Filter>헤더 파일</Filter>
    </ClInclude>
    <ClInclude Include="CheapTimer.h">
      <Filter>헤더 파일</Filter>
    </ClInclude>
    <ClInclude Include="Common.h">
      <Filter>헤더 파일</Filter>
    </ClInclude>
    <ClInclude Include="..\FMOD\fmod.h">
      <Filter>Fmod</Filter>
    </ClInclude>
    <ClInclude Include="..\FMOD\fmod.hpp">
      <Filter>Fmod</Filter>
    </ClInclude>
    <ClInclude Include="..\FMOD\fmod_codec.h">
      <Filter>Fmod</Filter>
    </ClInclude>
    <ClInclude Include="..\FMOD\fmod_common.h">
      <Filter>Fmod</Filter>
    </ClInclude>
    <ClInclude Include="..\FMOD\fmod_dsp.h">
      <Filter>Fmod</Filter>
    </ClInclude>
    <ClInclude Include="..\FMOD\fmod_dsp_effects.h">
      <Filter>Fmod</Filter>
    </ClInclude>
    <ClInclude Include="..\FMOD\fmod_errors.h">
      <Filter>Fmod</Filter>
    </ClInclude>
    <ClInclude Include="..\FMOD\fmod_output.h">
      <Filter>Fmod</Filter>
    </ClInclude>
    <ClInclude Include="Audio.h">
      <Filter>헤더 파일</Filter>
    </ClInclude>
  </ItemGroup>
  <ItemGroup>
    <Media Include="..\Asset\Kiryu Kyosuke Harmonica Theme Full.wav">
      <Filter>Asset</Filter>
    </Media>
    <Media Include="..\Asset\chillout_lonley_pad_meditation_karma_ron.mp3">
      <Filter>Asset</Filter>
    </Media>
    <Media Include="..\Asset\small_explosion.wav">
      <Filter>Asset</Filter>
    </Media>
    <Media Include="..\Asset\laser_enemy.wav">
      <Filter>Asset</Filter>
    </Media>
    <Media Include="..\Asset\big_explosion.wav">
      <Filter>Asset</Filter>
    </Media>
    <Media Include="..\Asset\Princess Maker 2 BGM Credit.mp3">
      <Filter>Asset</Filter>
    </Media>
    <Media Include="..\Asset\move1.mp3">
      <Filter>Asset</Filter>
    </Media>
    <Media Include="..\Asset\ppong.mp3">
      <Filter>Asset</Filter>
    </Media>
    <Media Include="..\Asset\Jump-SoundBible.com-1007297584.mp3">
      <Filter>Asset</Filter>
    </Media>
    <Media Include="..\Asset\ItemUpgrade_NoChange_1.mp3">
      <Filter>Asset</Filter>
    </Media>
  </ItemGroup>
  <ItemGroup>
    <None Include="..\FMOD\fmod.cs">
      <Filter>Fmod</Filter>
    </None>
    <None Include="..\FMOD\fmod.dll">
      <Filter>Fmod</Filter>
    </None>
    <None Include="..\FMOD\fmod_dsp.cs">
      <Filter>Fmod</Filter>
    </None>
    <None Include="..\FMOD\fmod_errors.cs">
      <Filter>Fmod</Filter>
    </None>
    <None Include="..\FMOD\fmodL.dll">
      <Filter>Fmod</Filter>
    </None>
  </ItemGroup>
  <ItemGroup>
    <Library Include="..\Lib\fmod_vc.lib">
      <Filter>Lib</Filter>
    </Library>
    <Library Include="..\Lib\fmodL_vc.lib">
      <Filter>Lib</Filter>
    </Library>
  </ItemGroup>
</Project>